
Microsoft Visual Studio Solution File, Format Version 12.00
# Visual Studio Version 17
VisualStudioVersion = 17.3.32922.545
MinimumVisualStudioVersion = 10.0.40219.1
Project("{FAE04EC0-301F-11D3-BF4B-00C04F79EFBC}") = "SharepointFiles", "SharepointFiles.csproj", "{40A0243B-1525-4952-9952-3136E833A751}"
EndProject
Project("{2150E333-8FDC-42A3-9474-1A3956D46DE8}") = "LibSharepoint", "LibSharepoint", "{8CB49738-F33F-452E-A19B-AC407906BB01}"
EndProject
Project("{FAE04EC0-301F-11D3-BF4B-00C04F79EFBC}") = "LibSharepoint", "..\LibSharepoint\LibSharepoint.csproj", "{797AB7D2-BCC5-431C-8B5D-967658DDF3CE}"
EndProject
Global
	GlobalSection(SolutionConfigurationPlatforms) = preSolution
		Debug|Any CPU = Debug|Any CPU
		Release|Any CPU = Release|Any CPU
	EndGlobalSection
	GlobalSection(ProjectConfigurationPlatforms) = postSolution
		{40A0243B-1525-4952-9952-3136E833A751}.Debug|Any CPU.ActiveCfg = Debug|Any CPU
		{40A0243B-1525-4952-9952-3136E833A751}.Debug|Any CPU.Build.0 = Debug|Any CPU
		{40A0243B-1525-4952-9952-3136E833A751}.Release|Any CPU.ActiveCfg = Release|Any CPU
		{40A0243B-1525-4952-9952-3136E833A751}.Release|Any CPU.Build.0 = Release|Any CPU
		{797AB7D2-BCC5-431C-8B5D-967658DDF3CE}.Debug|Any CPU.ActiveCfg = Debug|Any CPU
		{797AB7D2-BCC5-431C-8B5D-967658DDF3CE}.Debug|Any CPU.Build.0 = Debug|Any CPU
		{797AB7D2-BCC5-431C-8B5D-967658DDF3CE}.Release|Any CPU.ActiveCfg = Release|Any CPU
		{797AB7D2-BCC5-431C-8B5D-967658DDF3CE}.Release|Any CPU.Build.0 = Release|Any CPU
	EndGlobalSection
	GlobalSection(SolutionProperties) = preSolution
		HideSolutionNode = FALSE
	EndGlobalSection
	GlobalSection(NestedProjects) = preSolution
		{797AB7D2-BCC5-431C-8B5D-967658DDF3CE} = {8CB49738-F33F-452E-A19B-AC407906BB01}
	EndGlobalSection
	GlobalSection(ExtensibilityGlobals) = postSolution
		SolutionGuid = {51E63AF0-2168-4532-AB15-591F072BB681}
	EndGlobalSection
EndGlobal
